{
  "deps": [
    {
      "URL": {
        "Scheme": "https",
        "Opaque": "",
        "User": null,
        "Host": "github.com",
        "Path": "/bazurto/gradle",
        "RawPath": "",
        "OmitHost": false,
        "ForceQuery": false,
        "RawQuery": "",
        "Fragment": "8.10",
        "RawFragment": ""
      }
    },
    {
      "URL": {
        "Scheme": "https",
        "Opaque": "",
        "User": null,
        "Host": "github.com",
        "Path": "/bazurto/openjdk",
        "RawPath": "",
        "OmitHost": false,
        "ForceQuery": false,
        "RawQuery": "",
        "Fragment": "21.0.2.13",
        "RawFragment": ""
      }
    }
  ],
  "triggers": {}
}
