{
  "lockfile_version": "1",
  "packages": {
    "github:NixOS/nixpkgs/nixpkgs-unstable": {
      "last_modified": "2025-11-16T17:00:02Z",
      "resolved": "github:NixOS/nixpkgs/85a6c4a07faa12aaccd81b36ba9bfc2bec974fa1?lastModified=1763312402"
    },
    "gnumake@latest": {
      "last_modified": "2025-10-22T20:59:19Z",
      "resolved": "github:NixOS/nixpkgs/01b6809f7f9d1183a2b3e081f0a1e6f8f415cb09#gnumake",
      "source": "devbox-search",
      "version": "4.4.1",
      "systems": {
        "aarch64-darwin": {
          "outputs": [
            {
              "name": "out",
              "path": "/nix/store/zr6nvq9ama3y1nhjpdhrgacrk9hg0p7m-gnumake-4.4.1",
              "default": true
            },
            {
              "name": "man",
              "path": "/nix/store/68mjxlv0jd70galxjx88978j220qvy2w-gnumake-4.4.1-man",
              "default": true
            },
            {
              "name": "info",
              "path": "/nix/store/gs4yxm5a7d3nprhki0nhvgkyf1qmwg6k-gnumake-4.4.1-info"
            }
          ],
          "store_path": "/nix/store/zr6nvq9ama3y1nhjpdhrgacrk9hg0p7m-gnumake-4.4.1"
        },
        "aarch64-linux": {
          "outputs": [
            {
              "name": "out",
              "path": "/nix/store/qah1z8qz3jl5104x8wj00x9qqlxzd5n2-gnumake-4.4.1",
              "default": true
            },
            {
              "name": "man",
              "path": "/nix/store/dlpphdrnlizli5xfpyrc2h21yf47n2aw-gnumake-4.4.1-man",
              "default": true
            },
            {
              "name": "debug",
              "path": "/nix/store/gkgyv58r897z65fcl54ih23iip2d552z-gnumake-4.4.1-debug"
            },
            {
              "name": "info",
              "path": "/nix/store/vnx2hz71ac4x62a1rr39ak2dmwybdd5r-gnumake-4.4.1-info"
            }
          ],
          "store_path": "/nix/store/qah1z8qz3jl5104x8wj00x9qqlxzd5n2-gnumake-4.4.1"
        },
        "x86_64-darwin": {
          "outputs": [
            {
              "name": "out",
              "path": "/nix/store/y0fzfgy59x3kwhh535cvrn9r7i5wd9xq-gnumake-4.4.1",
              "default": true
            },
            {
              "name": "man",
              "path": "/nix/store/lizzz78df6p2q84vxn0fq90z3ls4hvpd-gnumake-4.4.1-man",
              "default": true
            },
            {
              "name": "info",
              "path": "/nix/store/yyq62s4yh31wx97g7r6f9lif178w47ng-gnumake-4.4.1-info"
            }
          ],
          "store_path": "/nix/store/y0fzfgy59x3kwhh535cvrn9r7i5wd9xq-gnumake-4.4.1"
        },
        "x86_64-linux": {
          "outputs": [
            {
              "name": "out",
              "path": "/nix/store/frwvl0f18pk66clb8gqlby33wldx84aq-gnumake-4.4.1",
              "default": true
            },
            {
              "name": "man",
              "path": "/nix/store/k1m93yfl4p51nnciskn2pbxqm2sv0mxm-gnumake-4.4.1-man",
              "default": true
            },
            {
              "name": "debug",
              "path": "/nix/store/10jld6gf62ldl1da3126487g4gxs35v2-gnumake-4.4.1-debug"
            },
            {
              "name": "info",
              "path": "/nix/store/b51jfnxlardqir240px0wnfp64gzxfkl-gnumake-4.4.1-info"
            }
          ],
          "store_path": "/nix/store/frwvl0f18pk66clb8gqlby33wldx84aq-gnumake-4.4.1"
        }
      }
    },
    "go@1.25.2": {
      "last_modified": "2025-10-22T20:59:19Z",
      "resolved": "github:NixOS/nixpkgs/01b6809f7f9d1183a2b3e081f0a1e6f8f415cb09#go",
      "source": "devbox-search",
      "version": "1.25.2",
      "systems": {
        "aarch64-darwin": {
          "outputs": [
            {
              "name": "out",
              "path": "/nix/store/nkhf1yv637cp91y79zap7jxmm98v8pvj-go-1.25.2",
              "default": true
            }
          ],
          "store_path": "/nix/store/nkhf1yv637cp91y79zap7jxmm98v8pvj-go-1.25.2"
        },
        "aarch64-linux": {
          "outputs": [
            {
              "name": "out",
              "path": "/nix/store/p1d8jb1k4db3aiqwyp8b1kw4mja3qygx-go-1.25.2",
              "default": true
            }
          ],
          "store_path": "/nix/store/p1d8jb1k4db3aiqwyp8b1kw4mja3qygx-go-1.25.2"
        },
        "x86_64-darwin": {
          "outputs": [
            {
              "name": "out",
              "path": "/nix/store/xvwacgkf3x446qq3mdsh3v13f8935wa3-go-1.25.2",
              "default": true
            }
          ],
          "store_path": "/nix/store/xvwacgkf3x446qq3mdsh3v13f8935wa3-go-1.25.2"
        },
        "x86_64-linux": {
          "outputs": [
            {
              "name": "out",
              "path": "/nix/store/k1kn1c59ss7nq6agdppzq3krwmi3xqy4-go-1.25.2",
              "default": true
            }
          ],
          "store_path": "/nix/store/k1kn1c59ss7nq6agdppzq3krwmi3xqy4-go-1.25.2"
        }
      }
    },
    "protobuf@32.1": {
      "last_modified": "2025-10-22T20:59:19Z",
      "resolved": "github:NixOS/nixpkgs/01b6809f7f9d1183a2b3e081f0a1e6f8f415cb09#protobuf",
      "source": "devbox-search",
      "version": "32.1",
      "systems": {
        "aarch64-darwin": {
          "outputs": [
            {
              "name": "out",
              "path": "/nix/store/dglw92zg0pn829d9svzn5n9pdzi75vmh-protobuf-32.1",
              "default": true
            }
          ],
          "store_path": "/nix/store/dglw92zg0pn829d9svzn5n9pdzi75vmh-protobuf-32.1"
        },
        "aarch64-linux": {
          "outputs": [
            {
              "name": "out",
              "path": "/nix/store/5xy3ykz66axhh9fwllrpdyfag423flr3-protobuf-32.1",
              "default": true
            }
          ],
          "store_path": "/nix/store/5xy3ykz66axhh9fwllrpdyfag423flr3-protobuf-32.1"
        },
        "x86_64-darwin": {
          "outputs": [
            {
              "name": "out",
              "path": "/nix/store/92lnm00p6lpmwgbz3mn0l4zxma6ibx88-protobuf-32.1",
              "default": true
            }
          ],
          "store_path": "/nix/store/92lnm00p6lpmwgbz3mn0l4zxma6ibx88-protobuf-32.1"
        },
        "x86_64-linux": {
          "outputs": [
            {
              "name": "out",
              "path": "/nix/store/izjrnd79npwzbdcjiv0i36dcw3kigny9-protobuf-32.1",
              "default": true
            }
          ],
          "store_path": "/nix/store/izjrnd79npwzbdcjiv0i36dcw3kigny9-protobuf-32.1"
        }
      }
    }
  }
}
